
Microsoft Visual Studio Solution File, Format Version 12.00
# Visual Studio 15
VisualStudioVersion = 15.0.26730.16
MinimumVisualStudioVersion = 10.0.40219.1
Project("{8BC9CEB8-8B4A-11D0-8D11-00A0C91BC942}") = "Cpp_MEX", "Cpp_MEX\Cpp_MEX.vcxproj", "{5F96C3D6-524C-4E52-9DBE-EBAB8EA160DE}"
EndProject
Project("{6989167D-11E4-40FE-8C1A-2192A86A7E90}") = "Fortran_MEX", "Fortran_MEX\Fortran_MEX.vfproj", "{912137C3-5A3B-401E-825C-56BB4A65E178}"
EndProject
Project("{8BC9CEB8-8B4A-11D0-8D11-00A0C91BC942}") = "C_MEX", "C_MEX\C_MEX.vcxproj", "{11CB21AB-9CC3-4C6A-9DCF-245B6273A00E}"
EndProject
Global
	GlobalSection(SolutionConfigurationPlatforms) = preSolution
		Debug|Mixed Platforms = Debug|Mixed Platforms
		Debug|Win32 = Debug|Win32
		Debug|x64 = Debug|x64
		Release|Mixed Platforms = Release|Mixed Platforms
		Release|Win32 = Release|Win32
		Release|x64 = Release|x64
	EndGlobalSection
	GlobalSection(ProjectConfigurationPlatforms) = postSolution
		{5F96C3D6-524C-4E52-9DBE-EBAB8EA160DE}.Debug|Mixed Platforms.ActiveCfg = Debug|x64
		{5F96C3D6-524C-4E52-9DBE-EBAB8EA160DE}.Debug|Mixed Platforms.Build.0 = Debug|x64
		{5F96C3D6-524C-4E52-9DBE-EBAB8EA160DE}.Debug|Win32.ActiveCfg = Debug|x64
		{5F96C3D6-524C-4E52-9DBE-EBAB8EA160DE}.Debug|x64.ActiveCfg = Debug|x64
		{5F96C3D6-524C-4E52-9DBE-EBAB8EA160DE}.Debug|x64.Build.0 = Debug|x64
		{5F96C3D6-524C-4E52-9DBE-EBAB8EA160DE}.Release|Mixed Platforms.ActiveCfg = Release|x64
		{5F96C3D6-524C-4E52-9DBE-EBAB8EA160DE}.Release|Mixed Platforms.Build.0 = Release|x64
		{5F96C3D6-524C-4E52-9DBE-EBAB8EA160DE}.Release|Win32.ActiveCfg = Release|x64
		{5F96C3D6-524C-4E52-9DBE-EBAB8EA160DE}.Release|x64.ActiveCfg = Release|x64
		{5F96C3D6-524C-4E52-9DBE-EBAB8EA160DE}.Release|x64.Build.0 = Release|x64
		{912137C3-5A3B-401E-825C-56BB4A65E178}.Debug|Mixed Platforms.ActiveCfg = Debug|x64
		{912137C3-5A3B-401E-825C-56BB4A65E178}.Debug|Mixed Platforms.Build.0 = Debug|x64
		{912137C3-5A3B-401E-825C-56BB4A65E178}.Debug|Win32.ActiveCfg = Debug|x64
		{912137C3-5A3B-401E-825C-56BB4A65E178}.Debug|x64.ActiveCfg = Debug|x64
		{912137C3-5A3B-401E-825C-56BB4A65E178}.Debug|x64.Build.0 = Debug|x64
		{912137C3-5A3B-401E-825C-56BB4A65E178}.Release|Mixed Platforms.ActiveCfg = Release|x64
		{912137C3-5A3B-401E-825C-56BB4A65E178}.Release|Mixed Platforms.Build.0 = Release|x64
		{912137C3-5A3B-401E-825C-56BB4A65E178}.Release|Win32.ActiveCfg = Release|x64
		{912137C3-5A3B-401E-825C-56BB4A65E178}.Release|x64.ActiveCfg = Release|x64
		{912137C3-5A3B-401E-825C-56BB4A65E178}.Release|x64.Build.0 = Release|x64
		{11CB21AB-9CC3-4C6A-9DCF-245B6273A00E}.Debug|Mixed Platforms.ActiveCfg = Debug|x64
		{11CB21AB-9CC3-4C6A-9DCF-245B6273A00E}.Debug|Mixed Platforms.Build.0 = Debug|x64
		{11CB21AB-9CC3-4C6A-9DCF-245B6273A00E}.Debug|Win32.ActiveCfg = Debug|x64
		{11CB21AB-9CC3-4C6A-9DCF-245B6273A00E}.Debug|x64.ActiveCfg = Debug|x64
		{11CB21AB-9CC3-4C6A-9DCF-245B6273A00E}.Debug|x64.Build.0 = Debug|x64
		{11CB21AB-9CC3-4C6A-9DCF-245B6273A00E}.Release|Mixed Platforms.ActiveCfg = Release|x64
		{11CB21AB-9CC3-4C6A-9DCF-245B6273A00E}.Release|Mixed Platforms.Build.0 = Release|x64
		{11CB21AB-9CC3-4C6A-9DCF-245B6273A00E}.Release|Win32.ActiveCfg = Release|x64
		{11CB21AB-9CC3-4C6A-9DCF-245B6273A00E}.Release|x64.ActiveCfg = Release|x64
		{11CB21AB-9CC3-4C6A-9DCF-245B6273A00E}.Release|x64.Build.0 = Release|x64
	EndGlobalSection
	GlobalSection(SolutionProperties) = preSolution
		HideSolutionNode = FALSE
	EndGlobalSection
	GlobalSection(ExtensibilityGlobals) = postSolution
		SolutionGuid = {7C8E0F6B-F037-4D16-AB25-AA40B09B4B02}
	EndGlobalSection
EndGlobal
